
Microsoft Visual Studio Solution File, Format Version 12.00
# Visual Studio Version 17
VisualStudioVersion = 17.2.32616.157
MinimumVisualStudioVersion = 10.0.40219.1
Project("{FAE04EC0-301F-11D3-BF4B-00C04F79EFBC}") = "Update", "Update.csproj", "{5F61AEB8-7B36-4F6E-BEC8-76C5BF8FFEF5}"
EndProject
Global
	GlobalSection(SolutionConfigurationPlatforms) = preSolution
		Debug|Any CPU = Debug|Any CPU
		Release|Any CPU = Release|Any CPU
	EndGlobalSection
	GlobalSection(ProjectConfigurationPlatforms) = postSolution
		{5F61AEB8-7B36-4F6E-BEC8-76C5BF8FFEF5}.Debug|Any CPU.ActiveCfg = Debug|Any CPU
		{5F61AEB8-7B36-4F6E-BEC8-76C5BF8FFEF5}.Debug|Any CPU.Build.0 = Debug|Any CPU
		{5F61AEB8-7B36-4F6E-BEC8-76C5BF8FFEF5}.Release|Any CPU.ActiveCfg = Release|Any CPU
		{5F61AEB8-7B36-4F6E-BEC8-76C5BF8FFEF5}.Release|Any CPU.Build.0 = Release|Any CPU
	EndGlobalSection
	GlobalSection(SolutionProperties) = preSolution
		HideSolutionNode = FALSE
	EndGlobalSection
	GlobalSection(ExtensibilityGlobals) = postSolution
		SolutionGuid = {8C08861C-494B-499F-9F9A-D5A1EFBD1BC3}
	EndGlobalSection
EndGlobal
